{
  "version": "2",
  "remote": {
    "https://deno.land/std@0.181.0/fmt/colors.ts": "d67e3cd9f472535241a8e410d33423980bec45047e343577554d3356e1f0ef4e",
    "https://deno.land/std@0.181.0/testing/_diff.ts": "1a3c044aedf77647d6cac86b798c6417603361b66b54c53331b312caeb447aea",
    "https://deno.land/std@0.181.0/testing/_format.ts": "a69126e8a469009adf4cf2a50af889aca364c349797e63174884a52ff75cf4c7",
    "https://deno.land/std@0.181.0/testing/_test_suite.ts": "30f018feeb3835f12ab198d8a518f9089b1bcb2e8c838a8b615ab10d5005465c",
    "https://deno.land/std@0.181.0/testing/asserts.ts": "e16d98b4d73ffc4ed498d717307a12500ae4f2cbe668f1a215632d19fcffc22f",
    "https://deno.land/std@0.181.0/testing/bdd.ts": "c5ca6d85940dbcc19b4d2bc3608d49ab65d81470aa91306d5efa4b0d5c945731",
    "https://deno.land/std@0.182.0/encoding/base64.ts": "144ae6234c1fbe5b68666c711dc15b1e9ee2aef6d42b3b4345bf9a6c91d70d0d",
    "https://deno.land/x/http_middleware@1.0.0/mod.ts": "a3b0809ce37f80568c362003a5b281564882b64dba53e12bf5a8f1e2b6bfc19e",
    "https://deno.land/x/http_middleware@1.0.0/types.ts": "9a40ebea7f906d7518f5765c7a633f5610ac4ebedb583b0c69395643c350f4d3",
    "https://deno.land/x/http_utils@1.0.0/_utils.ts": "f253eab4365b399affc617a5230d6f8a10c69da0bee793c08d7d66902cad0a22",
    "https://deno.land/x/http_utils@1.0.0/deps.ts": "77dc91cb7318000b799e5eadd2dbece27d05f1ec410bd285d3c50956795106ad",
    "https://deno.land/x/http_utils@1.0.0/header.ts": "28b18228607d9cbd4d639c5e4b9a989287b24a5dd0c928be73e89e7522b6cc0f",
    "https://deno.land/x/http_utils@1.0.0/message.ts": "87ee02ce5945875bd0aff4f5d66c6c9020f82d53c69874a34d8021222468c90c",
    "https://deno.land/x/http_utils@1.0.0/response.ts": "2c1d1492170ba8ad165149c53127ea5b907b68d3ab2ee1358bf21c1dccff5d06",
    "https://deno.land/x/isx@1.1.1/is_null.ts": "02b30255073843d001e715a04382f1d6aebd77ed5506ffbb44bf77b9e20ebf7d",
    "https://deno.land/x/isx@1.1.1/is_string.ts": "268254eab5f8dbc09ee879eb53675813cdc5350207dde436d457cb34462cc857",
    "https://deno.land/x/isx@1.1.1/iterable/is_empty.ts": "bda353aa1255b997f56a34f93e4000559a8fe556e9d660464aaa97af2bf26b74",
    "https://deno.land/x/prelude_js@1.1.0/deps.ts": "4f59609c3bd00576fdbf618df45e433b4f6e862c2c905a442d9564be20fae322",
    "https://deno.land/x/prelude_js@1.1.0/head.ts": "53e188166d21f10be1d008183095cf8a633e99546fddb4424afe2f26af22bdd2",
    "https://deno.land/x/prelude_js@1.1.0/last.ts": "ddbc1001730493881edfc1f57ba7ee3c0c205e9bbe2d4ee8447f2bfa33fcfbe7",
    "https://deno.land/x/sfv_parser@1.0.0-beta.2/abnf.ts": "c84b0c9f8802059f3c24934515f4aa71ca50bbc0c0f5643d9c38a906d3f9d0c2",
    "https://deno.land/x/sfv_parser@1.0.0-beta.2/constants.ts": "34528206ecefcb96622001c09d828b2fdea86d57b43bc554d26cfee2f3acb860",
    "https://deno.land/x/sfv_parser@1.0.0-beta.2/deps.ts": "4e569d82eb19f5bfe5a1101fe91d9062dd2ecaa4275d936181f0b2fe690580b8",
    "https://deno.land/x/sfv_parser@1.0.0-beta.2/mod.ts": "ff24e113ff5b0f344654b4f01295d1d5e4eadcb40e6c09690d7291b0f139d31b",
    "https://deno.land/x/sfv_parser@1.0.0-beta.2/parse.ts": "bf8616768b631895e2f7cb64bc581f5a5d6431fde43ce32d17d17a35ad5b3de3",
    "https://deno.land/x/sfv_parser@1.0.0-beta.2/stringify.ts": "0cfd9cfb76e31bbc60aeee63c0fc0e6311c133cea8a1b928e4b76c9d885e15cc",
    "https://deno.land/x/sfv_parser@1.0.0-beta.2/types.ts": "3050e37dc02c51d1e161fad909402a144901e7ce47ebf75d69847ab26e206f76",
    "https://deno.land/x/sfv_parser@1.0.0-beta.2/utils.ts": "5a3b7c528d8406565e9a72d70b46af7b79fe52a9de0d1c1193f29da5cb9b8a21",
    "https://esm.sh/round-half-even@1.3.0?pin=v114": "bce59066abcdf85641ab5c7eef056dea3e2bc576b493ace793b2537facaba554",
    "https://esm.sh/v114/round-half-even@1.3.0/deno/round-half-even.mjs": "310a2342bd2d1f13b68d23766fbac29023f33a2d7d5b20c0ea5c78b716c37763"
  }
}
